
Microsoft Visual Studio Solution File, Format Version 12.00
# Visual Studio Version 17
VisualStudioVersion = 17.13.35806.99
MinimumVisualStudioVersion = 10.0.40219.1
Project("{FAE04EC0-301F-11D3-BF4B-00C04F79EFBC}") = "Trie", "Trie\Trie.csproj", "{CA84D48A-864A-4D84-8A5F-846688DFAE24}"
EndProject
Project("{FAE04EC0-301F-11D3-BF4B-00C04F79EFBC}") = "Trie.Tests", "Trie.Tests\Trie.Tests.csproj", "{C2F3B1EA-7882-40B0-A0A8-142B5CAD1259}"
EndProject
Global
	GlobalSection(SolutionConfigurationPlatforms) = preSolution
		Debug|Any CPU = Debug|Any CPU
		Release|Any CPU = Release|Any CPU
	EndGlobalSection
	GlobalSection(ProjectConfigurationPlatforms) = postSolution
		{CA84D48A-864A-4D84-8A5F-846688DFAE24}.Debug|Any CPU.ActiveCfg = Debug|Any CPU
		{CA84D48A-864A-4D84-8A5F-846688DFAE24}.Debug|Any CPU.Build.0 = Debug|Any CPU
		{CA84D48A-864A-4D84-8A5F-846688DFAE24}.Release|Any CPU.ActiveCfg = Release|Any CPU
		{CA84D48A-864A-4D84-8A5F-846688DFAE24}.Release|Any CPU.Build.0 = Release|Any CPU
		{C2F3B1EA-7882-40B0-A0A8-142B5CAD1259}.Debug|Any CPU.ActiveCfg = Debug|Any CPU
		{C2F3B1EA-7882-40B0-A0A8-142B5CAD1259}.Debug|Any CPU.Build.0 = Debug|Any CPU
		{C2F3B1EA-7882-40B0-A0A8-142B5CAD1259}.Release|Any CPU.ActiveCfg = Release|Any CPU
		{C2F3B1EA-7882-40B0-A0A8-142B5CAD1259}.Release|Any CPU.Build.0 = Release|Any CPU
	EndGlobalSection
	GlobalSection(SolutionProperties) = preSolution
		HideSolutionNode = FALSE
	EndGlobalSection
	GlobalSection(ExtensibilityGlobals) = postSolution
		SolutionGuid = {552F69B0-45CD-4268-8369-C139AFBCAF19}
	EndGlobalSection
EndGlobal
