
Microsoft Visual Studio Solution File, Format Version 12.00
# Visual Studio Version 17
VisualStudioVersion = 17.13.35806.99
MinimumVisualStudioVersion = 10.0.40219.1
Project("{FAE04EC0-301F-11D3-BF4B-00C04F79EFBC}") = "skipList", "skipList\skipList.csproj", "{C5BA2953-3409-4A08-84B9-F34965688860}"
EndProject
Project("{FAE04EC0-301F-11D3-BF4B-00C04F79EFBC}") = "SkipList.Tests", "SkipList.Tests\SkipList.Tests.csproj", "{681049B2-0748-45D0-8FAF-BA1DF90F7A8D}"
EndProject
Global
	GlobalSection(SolutionConfigurationPlatforms) = preSolution
		Debug|Any CPU = Debug|Any CPU
		Release|Any CPU = Release|Any CPU
	EndGlobalSection
	GlobalSection(ProjectConfigurationPlatforms) = postSolution
		{C5BA2953-3409-4A08-84B9-F34965688860}.Debug|Any CPU.ActiveCfg = Debug|Any CPU
		{C5BA2953-3409-4A08-84B9-F34965688860}.Debug|Any CPU.Build.0 = Debug|Any CPU
		{C5BA2953-3409-4A08-84B9-F34965688860}.Release|Any CPU.ActiveCfg = Release|Any CPU
		{C5BA2953-3409-4A08-84B9-F34965688860}.Release|Any CPU.Build.0 = Release|Any CPU
		{681049B2-0748-45D0-8FAF-BA1DF90F7A8D}.Debug|Any CPU.ActiveCfg = Debug|Any CPU
		{681049B2-0748-45D0-8FAF-BA1DF90F7A8D}.Debug|Any CPU.Build.0 = Debug|Any CPU
		{681049B2-0748-45D0-8FAF-BA1DF90F7A8D}.Release|Any CPU.ActiveCfg = Release|Any CPU
		{681049B2-0748-45D0-8FAF-BA1DF90F7A8D}.Release|Any CPU.Build.0 = Release|Any CPU
	EndGlobalSection
	GlobalSection(SolutionProperties) = preSolution
		HideSolutionNode = FALSE
	EndGlobalSection
	GlobalSection(ExtensibilityGlobals) = postSolution
		SolutionGuid = {476EBB95-A588-4B0E-9FBA-12D50B2B7817}
	EndGlobalSection
EndGlobal
