
Microsoft Visual Studio Solution File, Format Version 12.00
# Visual Studio Version 17
VisualStudioVersion = 17.13.35806.99
MinimumVisualStudioVersion = 10.0.40219.1
Project("{FAE04EC0-301F-11D3-BF4B-00C04F79EFBC}") = "Routers", "Routers\Routers.csproj", "{44DEB9A4-BBA6-43FF-8BA8-64E5C742F2BF}"
EndProject
Project("{FAE04EC0-301F-11D3-BF4B-00C04F79EFBC}") = "Routers.Tests", "Routers.Tests\Routers.Tests.csproj", "{206BA33A-E845-48AA-95D4-4A193F51DBB2}"
EndProject
Project("{2150E333-8FDC-42A3-9474-1A3956D46DE8}") = "Solution Items", "Solution Items", "{36D591C7-65C7-A0D1-1CBC-10CDE441BDC8}"
	ProjectSection(SolutionItems) = preProject
		.editorconfig = .editorconfig
	EndProjectSection
EndProject
Global
	GlobalSection(SolutionConfigurationPlatforms) = preSolution
		Debug|Any CPU = Debug|Any CPU
		Release|Any CPU = Release|Any CPU
	EndGlobalSection
	GlobalSection(ProjectConfigurationPlatforms) = postSolution
		{44DEB9A4-BBA6-43FF-8BA8-64E5C742F2BF}.Debug|Any CPU.ActiveCfg = Debug|Any CPU
		{44DEB9A4-BBA6-43FF-8BA8-64E5C742F2BF}.Debug|Any CPU.Build.0 = Debug|Any CPU
		{44DEB9A4-BBA6-43FF-8BA8-64E5C742F2BF}.Release|Any CPU.ActiveCfg = Release|Any CPU
		{44DEB9A4-BBA6-43FF-8BA8-64E5C742F2BF}.Release|Any CPU.Build.0 = Release|Any CPU
		{206BA33A-E845-48AA-95D4-4A193F51DBB2}.Debug|Any CPU.ActiveCfg = Debug|Any CPU
		{206BA33A-E845-48AA-95D4-4A193F51DBB2}.Debug|Any CPU.Build.0 = Debug|Any CPU
		{206BA33A-E845-48AA-95D4-4A193F51DBB2}.Release|Any CPU.ActiveCfg = Release|Any CPU
		{206BA33A-E845-48AA-95D4-4A193F51DBB2}.Release|Any CPU.Build.0 = Release|Any CPU
	EndGlobalSection
	GlobalSection(SolutionProperties) = preSolution
		HideSolutionNode = FALSE
	EndGlobalSection
	GlobalSection(ExtensibilityGlobals) = postSolution
		SolutionGuid = {50D31703-8659-4030-8C40-41BD0A9160EE}
	EndGlobalSection
EndGlobal
